
Microsoft Visual Studio Solution File, Format Version 12.00
# Visual Studio Version 17
VisualStudioVersion = 17.0.32014.148
MinimumVisualStudioVersion = 10.0.40219.1
Project("{9A19103F-16F7-4668-BE54-9A1E7A4F7556}") = "InterviewProject.Api", "InterviewProject.Api\InterviewProject.Api.csproj", "{E7A46C91-3055-4283-966D-BBEA643A9DF7}"
EndProject
Project("{2150E333-8FDC-42A3-9474-1A3956D46DE8}") = "Api", "Api", "{D39D848B-5F6C-40D4-953C-0AF1ED244640}"
EndProject
Project("{2150E333-8FDC-42A3-9474-1A3956D46DE8}") = "Library", "Library", "{522D84CA-AB2A-43B3-AB6E-70CC5A2DF4E8}"
EndProject
Project("{2150E333-8FDC-42A3-9474-1A3956D46DE8}") = "Tests", "Tests", "{8473D3FE-9995-4445-A192-226A0028E6FA}"
EndProject
Project("{9A19103F-16F7-4668-BE54-9A1E7A4F7556}") = "InterviewProject.UnitTests", "InterviewProject.UnitTests\InterviewProject.UnitTests.csproj", "{FC6056F4-DE3F-45CE-B1C3-9FEEA6D665F5}"
EndProject
Project("{9A19103F-16F7-4668-BE54-9A1E7A4F7556}") = "InterviewProject.Domains", "InterviewProject.Domains\InterviewProject.Domains.csproj", "{2769B33E-7A14-4346-BF2B-EDCB1BAFF5D8}"
EndProject
Project("{9A19103F-16F7-4668-BE54-9A1E7A4F7556}") = "InterviewProject.Application", "InterviewProject.Application\InterviewProject.Application.csproj", "{0C6F341E-0E15-4D39-AED6-B5EF7E10FE8C}"
EndProject
Project("{9A19103F-16F7-4668-BE54-9A1E7A4F7556}") = "InterviewProject.Infrastructure", "InterviewProject.Infrastructure\InterviewProject.Infrastructure.csproj", "{C203C344-1091-4318-9BF6-EB84B290412B}"
EndProject
Project("{9A19103F-16F7-4668-BE54-9A1E7A4F7556}") = "InterviewProject.Common", "InterviewProject.Common\InterviewProject.Common.csproj", "{142ADD79-5191-4ABB-8917-E234690A1A70}"
EndProject
Project("{2150E333-8FDC-42A3-9474-1A3956D46DE8}") = "Presentation", "Presentation", "{6D7B45B3-E03B-465B-9DEB-5BE00B9D8B21}"
EndProject
Project("{54A90642-561A-4BB1-A94E-469ADEE60C69}") = "interviewproject.presentation", "InterviewProject.Presentation\interviewproject.presentation.esproj", "{9412591E-BC2D-46E5-8B85-5308153CE8C6}"
EndProject
Global
	GlobalSection(SolutionConfigurationPlatforms) = preSolution
		Debug|Any CPU = Debug|Any CPU
		Release|Any CPU = Release|Any CPU
	EndGlobalSection
	GlobalSection(ProjectConfigurationPlatforms) = postSolution
		{E7A46C91-3055-4283-966D-BBEA643A9DF7}.Debug|Any CPU.ActiveCfg = Debug|Any CPU
		{E7A46C91-3055-4283-966D-BBEA643A9DF7}.Debug|Any CPU.Build.0 = Debug|Any CPU
		{E7A46C91-3055-4283-966D-BBEA643A9DF7}.Release|Any CPU.ActiveCfg = Release|Any CPU
		{E7A46C91-3055-4283-966D-BBEA643A9DF7}.Release|Any CPU.Build.0 = Release|Any CPU
		{FC6056F4-DE3F-45CE-B1C3-9FEEA6D665F5}.Debug|Any CPU.ActiveCfg = Debug|Any CPU
		{FC6056F4-DE3F-45CE-B1C3-9FEEA6D665F5}.Debug|Any CPU.Build.0 = Debug|Any CPU
		{FC6056F4-DE3F-45CE-B1C3-9FEEA6D665F5}.Release|Any CPU.ActiveCfg = Release|Any CPU
		{FC6056F4-DE3F-45CE-B1C3-9FEEA6D665F5}.Release|Any CPU.Build.0 = Release|Any CPU
		{2769B33E-7A14-4346-BF2B-EDCB1BAFF5D8}.Debug|Any CPU.ActiveCfg = Debug|Any CPU
		{2769B33E-7A14-4346-BF2B-EDCB1BAFF5D8}.Debug|Any CPU.Build.0 = Debug|Any CPU
		{2769B33E-7A14-4346-BF2B-EDCB1BAFF5D8}.Release|Any CPU.ActiveCfg = Release|Any CPU
		{2769B33E-7A14-4346-BF2B-EDCB1BAFF5D8}.Release|Any CPU.Build.0 = Release|Any CPU
		{0C6F341E-0E15-4D39-AED6-B5EF7E10FE8C}.Debug|Any CPU.ActiveCfg = Debug|Any CPU
		{0C6F341E-0E15-4D39-AED6-B5EF7E10FE8C}.Debug|Any CPU.Build.0 = Debug|Any CPU
		{0C6F341E-0E15-4D39-AED6-B5EF7E10FE8C}.Release|Any CPU.ActiveCfg = Release|Any CPU
		{0C6F341E-0E15-4D39-AED6-B5EF7E10FE8C}.Release|Any CPU.Build.0 = Release|Any CPU
		{C203C344-1091-4318-9BF6-EB84B290412B}.Debug|Any CPU.ActiveCfg = Debug|Any CPU
		{C203C344-1091-4318-9BF6-EB84B290412B}.Debug|Any CPU.Build.0 = Debug|Any CPU
		{C203C344-1091-4318-9BF6-EB84B290412B}.Release|Any CPU.ActiveCfg = Release|Any CPU
		{C203C344-1091-4318-9BF6-EB84B290412B}.Release|Any CPU.Build.0 = Release|Any CPU
		{142ADD79-5191-4ABB-8917-E234690A1A70}.Debug|Any CPU.ActiveCfg = Debug|Any CPU
		{142ADD79-5191-4ABB-8917-E234690A1A70}.Debug|Any CPU.Build.0 = Debug|Any CPU
		{142ADD79-5191-4ABB-8917-E234690A1A70}.Release|Any CPU.ActiveCfg = Release|Any CPU
		{142ADD79-5191-4ABB-8917-E234690A1A70}.Release|Any CPU.Build.0 = Release|Any CPU
		{9412591E-BC2D-46E5-8B85-5308153CE8C6}.Debug|Any CPU.ActiveCfg = Debug|Any CPU
		{9412591E-BC2D-46E5-8B85-5308153CE8C6}.Debug|Any CPU.Build.0 = Debug|Any CPU
		{9412591E-BC2D-46E5-8B85-5308153CE8C6}.Debug|Any CPU.Deploy.0 = Debug|Any CPU
		{9412591E-BC2D-46E5-8B85-5308153CE8C6}.Release|Any CPU.ActiveCfg = Release|Any CPU
		{9412591E-BC2D-46E5-8B85-5308153CE8C6}.Release|Any CPU.Build.0 = Release|Any CPU
		{9412591E-BC2D-46E5-8B85-5308153CE8C6}.Release|Any CPU.Deploy.0 = Release|Any CPU
	EndGlobalSection
	GlobalSection(SolutionProperties) = preSolution
		HideSolutionNode = FALSE
	EndGlobalSection
	GlobalSection(NestedProjects) = preSolution
		{E7A46C91-3055-4283-966D-BBEA643A9DF7} = {D39D848B-5F6C-40D4-953C-0AF1ED244640}
		{FC6056F4-DE3F-45CE-B1C3-9FEEA6D665F5} = {8473D3FE-9995-4445-A192-226A0028E6FA}
		{2769B33E-7A14-4346-BF2B-EDCB1BAFF5D8} = {522D84CA-AB2A-43B3-AB6E-70CC5A2DF4E8}
		{0C6F341E-0E15-4D39-AED6-B5EF7E10FE8C} = {522D84CA-AB2A-43B3-AB6E-70CC5A2DF4E8}
		{C203C344-1091-4318-9BF6-EB84B290412B} = {522D84CA-AB2A-43B3-AB6E-70CC5A2DF4E8}
		{142ADD79-5191-4ABB-8917-E234690A1A70} = {522D84CA-AB2A-43B3-AB6E-70CC5A2DF4E8}
		{9412591E-BC2D-46E5-8B85-5308153CE8C6} = {6D7B45B3-E03B-465B-9DEB-5BE00B9D8B21}
	EndGlobalSection
	GlobalSection(ExtensibilityGlobals) = postSolution
		SolutionGuid = {7A4F83A0-2C01-4E64-9736-3B83B5F52667}
	EndGlobalSection
EndGlobal
